lockfileVersion: 1
status: phase-0-placeholder
note: This lockfile is hand-written to show intended shape before a CLI exists.
pack:
  name: safe-gitops
  version: 0.1.0-rfc
  digest: phase0-placeholder
spec:
  version: v1alpha1
generator:
  version: none
  reason: no production CLI yet
capabilities:
  create-safe-draft-pr:
    digest: phase0-placeholder
  run-project-tests:
    digest: phase0-placeholder
policies:
  safe-gitops-pr-policy:
    digest: phase0-placeholder
  block-secrets:
    digest: phase0-placeholder
generatedFiles:
  - generated/agents/AGENTS.generated.md
  - generated/agents/skills.generated.md
  - generated/mcp/tools.json
  - generated/openapi/openapi.yaml
  - generated/policies/policy-bundle.json
ownedBlocks:
  - id: safe-gitops.create-safe-draft-pr
    start: "<!-- actlane:start safe-gitops.create-safe-draft-pr -->"
    end: "<!-- actlane:end safe-gitops.create-safe-draft-pr -->"
